
Microsoft Visual Studio Solution File, Format Version 12.00
# Visual Studio Version 17
VisualStudioVersion = 17.9.34714.143
MinimumVisualStudioVersion = 10.0.40219.1
Project("{9A19103F-16F7-4668-BE54-9A1E7A4F7556}") = "Eticaret", "Eticaret\Eticaret.csproj", "{DE32C1B3-5A39-43DA-95A9-D3EA94FF495A}"
EndProject
Project("{FAE04EC0-301F-11D3-BF4B-00C04F79EFBC}") = "Eticaret.DataAccessLayer", "Eticaret.DataAccessLayer\Eticaret.DataAccessLayer.csproj", "{391EDFDF-A6A0-445B-92D6-FC5EB1160FA9}"
EndProject
Project("{FAE04EC0-301F-11D3-BF4B-00C04F79EFBC}") = "Eticaret.BusinessLayer", "Eticaret.BusinessLayer\Eticaret.BusinessLayer.csproj", "{67B56C7F-93C6-4E02-9292-8C7888F36758}"
EndProject
Global
	GlobalSection(SolutionConfigurationPlatforms) = preSolution
		Debug|Any CPU = Debug|Any CPU
		Release|Any CPU = Release|Any CPU
	EndGlobalSection
	GlobalSection(ProjectConfigurationPlatforms) = postSolution
		{DE32C1B3-5A39-43DA-95A9-D3EA94FF495A}.Debug|Any CPU.ActiveCfg = Debug|Any CPU
		{DE32C1B3-5A39-43DA-95A9-D3EA94FF495A}.Debug|Any CPU.Build.0 = Debug|Any CPU
		{DE32C1B3-5A39-43DA-95A9-D3EA94FF495A}.Release|Any CPU.ActiveCfg = Release|Any CPU
		{DE32C1B3-5A39-43DA-95A9-D3EA94FF495A}.Release|Any CPU.Build.0 = Release|Any CPU
		{391EDFDF-A6A0-445B-92D6-FC5EB1160FA9}.Debug|Any CPU.ActiveCfg = Debug|Any CPU
		{391EDFDF-A6A0-445B-92D6-FC5EB1160FA9}.Debug|Any CPU.Build.0 = Debug|Any CPU
		{391EDFDF-A6A0-445B-92D6-FC5EB1160FA9}.Release|Any CPU.ActiveCfg = Release|Any CPU
		{391EDFDF-A6A0-445B-92D6-FC5EB1160FA9}.Release|Any CPU.Build.0 = Release|Any CPU
		{67B56C7F-93C6-4E02-9292-8C7888F36758}.Debug|Any CPU.ActiveCfg = Debug|Any CPU
		{67B56C7F-93C6-4E02-9292-8C7888F36758}.Debug|Any CPU.Build.0 = Debug|Any CPU
		{67B56C7F-93C6-4E02-9292-8C7888F36758}.Release|Any CPU.ActiveCfg = Release|Any CPU
		{67B56C7F-93C6-4E02-9292-8C7888F36758}.Release|Any CPU.Build.0 = Release|Any CPU
	EndGlobalSection
	GlobalSection(SolutionProperties) = preSolution
		HideSolutionNode = FALSE
	EndGlobalSection
	GlobalSection(ExtensibilityGlobals) = postSolution
		SolutionGuid = {30F9D71C-149A-48E8-93FA-2637DC5906ED}
	EndGlobalSection
EndGlobal
